{
  "name": "@yakshith/agentshell",
  "version": "0.1.6",
  "lockfileVersion": 3,
  "requires": true,
  "packages": {
    "": {
      "name": "@yakshith/agentshell",
      "version": "0.1.6",
      "license": "MIT",
      "bin": {
        "agentshell": "bin/aish.js",
        "aish": "bin/aish.js"
      },
      "engines": {
        "node": ">=20"
      }
    }
  }
}
